
Microsoft Visual Studio Solution File, Format Version 12.00
# Visual Studio Version 16
VisualStudioVersion = 16.0.28803.156
MinimumVisualStudioVersion = 10.0.40219.1
Project("{8BC9CEB8-8B4A-11D0-8D11-00A0C91BC942}") = "day3", "day3\day3.vcxproj", "{B078B4C0-EFAD-4879-B7B5-24BFD2D3B0F8}"
EndProject
Global
	GlobalSection(SolutionConfigurationPlatforms) = preSolution
		Debug|x64 = Debug|x64
		Debug|x86 = Debug|x86
		Release|x64 = Release|x64
		Release|x86 = Release|x86
	EndGlobalSection
	GlobalSection(ProjectConfigurationPlatforms) = postSolution
		{B078B4C0-EFAD-4879-B7B5-24BFD2D3B0F8}.Debug|x64.ActiveCfg = Debug|x64
		{B078B4C0-EFAD-4879-B7B5-24BFD2D3B0F8}.Debug|x64.Build.0 = Debug|x64
		{B078B4C0-EFAD-4879-B7B5-24BFD2D3B0F8}.Debug|x86.ActiveCfg = Debug|Win32
		{B078B4C0-EFAD-4879-B7B5-24BFD2D3B0F8}.Debug|x86.Build.0 = Debug|Win32
		{B078B4C0-EFAD-4879-B7B5-24BFD2D3B0F8}.Release|x64.ActiveCfg = Release|x64
		{B078B4C0-EFAD-4879-B7B5-24BFD2D3B0F8}.Release|x64.Build.0 = Release|x64
		{B078B4C0-EFAD-4879-B7B5-24BFD2D3B0F8}.Release|x86.ActiveCfg = Release|Win32
		{B078B4C0-EFAD-4879-B7B5-24BFD2D3B0F8}.Release|x86.Build.0 = Release|Win32
	EndGlobalSection
	GlobalSection(SolutionProperties) = preSolution
		HideSolutionNode = FALSE
	EndGlobalSection
	GlobalSection(ExtensibilityGlobals) = postSolution
		SolutionGuid = {2AA2728F-B5C6-4F45-9629-EFADCD9C5BE6}
	EndGlobalSection
EndGlobal
